// !$*UTF8*$!
{
	archiveVersion = 1;
	classes = {
	};
	objectVersion = 77;
	objects = {

/* Begin PBXBuildFile section */
		A0274FBC2E984B3000A992F0 /* Package-Notificacacao-IOS in Frameworks */ = {isa = PBXBuildFile; productRef = A0274FBB2E984B3000A992F0 /* Package-Notificacacao-IOS */; };
		A02F06062EA6BCC300AAC927 /* WidgetKit.framework in Frameworks */ = {isa = PBXBuildFile; fileRef = A02F06052EA6BCC200AAC927 /* WidgetKit.framework */; };
		A02F06082EA6BCC300AAC927 /* SwiftUI.framework in Frameworks */ = {isa = PBXBuildFile; fileRef = A02F06072EA6BCC300AAC927 /* SwiftUI.framework */; };
		A02F06192EA6BCC400AAC927 /* WidgetAntiSonoExtension.appex in Embed Foundation Extensions */ = {isa = PBXBuildFile; fileRef = A02F06032EA6BCC200AAC927 /* WidgetAntiSonoExtension.appex */; settings = {ATTRIBUTES = (RemoveHeadersOnCopy, ); }; };
/* End PBXBuildFile section */

/* Begin PBXContainerItemProxy section */
		A02F06172EA6BCC400AAC927 /* PBXContainerItemProxy */ = {
			isa = PBXContainerItemProxy;
			containerPortal = A0274F9B2E96B71800A992F0 /* Project object */;
			proxyType = 1;
			remoteGlobalIDString = A02F06022EA6BCC200AAC927;
			remoteInfo = WidgetAntiSonoExtension;
		};
/* End PBXContainerItemProxy section */

/* Begin PBXCopyFilesBuildPhase section */
		A02F061E2EA6BCC400AAC927 /* Embed Foundation Extensions */ = {
			isa = PBXCopyFilesBuildPhase;
			buildActionMask = 2147483647;
			dstPath = "";
			dstSubfolderSpec = 13;
			files = (
				A02F06192EA6BCC400AAC927 /* WidgetAntiSonoExtension.appex in Embed Foundation Extensions */,
			);
			name = "Embed Foundation Extensions";
			runOnlyForDeploymentPostprocessing = 0;
		};
/* End PBXCopyFilesBuildPhase section */

/* Begin PBXFileReference section */
		A0274FA32E96B71800A992F0 /* AntiSono.app */ = {isa = PBXFileReference; explicitFileType = wrapper.application; includeInIndex = 0; path = AntiSono.app; sourceTree = BUILT_PRODUCTS_DIR; };
		A02F06032EA6BCC200AAC927 /* WidgetAntiSonoExtension.appex */ = {isa = PBXFileReference; explicitFileType = "wrapper.app-extension"; includeInIndex = 0; path = WidgetAntiSonoExtension.appex; sourceTree = BUILT_PRODUCTS_DIR; };
		A02F06052EA6BCC200AAC927 /* WidgetKit.framework */ = {isa = PBXFileReference; lastKnownFileType = wrapper.framework; name = WidgetKit.framework; path = System/Library/Frameworks/WidgetKit.framework; sourceTree = SDKROOT; };
		A02F06072EA6BCC300AAC927 /* SwiftUI.framework */ = {isa = PBXFileReference; lastKnownFileType = wrapper.framework; name = SwiftUI.framework; path = System/Library/Frameworks/SwiftUI.framework; sourceTree = SDKROOT; };
/* End PBXFileReference section */

/* Begin PBXFileSystemSynchronizedBuildFileExceptionSet section */
		A02F061A2EA6BCC400AAC927 /* Exceptions for "WidgetAntiSono" folder in "WidgetAntiSonoExtension" target */ = {
			isa = PBXFileSystemSynchronizedBuildFileExceptionSet;
			membershipExceptions = (
				Info.plist,
			);
			target = A02F06022EA6BCC200AAC927 /* WidgetAntiSonoExtension */;
		};
/* End PBXFileSystemSynchronizedBuildFileExceptionSet section */

/* Begin PBXFileSystemSynchronizedRootGroup section */
		A0274FA52E96B71800A992F0 /* AntiSono */ = {
			isa = PBXFileSystemSynchronizedRootGroup;
			path = AntiSono;
			sourceTree = "<group>";
		};
		A02F06092EA6BCC300AAC927 /* WidgetAntiSono */ = {
			isa = PBXFileSystemSynchronizedRootGroup;
			exceptions = (
				A02F061A2EA6BCC400AAC927 /* Exceptions for "WidgetAntiSono" folder in "WidgetAntiSonoExtension" target */,
			);
			path = WidgetAntiSono;
			sourceTree = "<group>";
		};
/* End PBXFileSystemSynchronizedRootGroup section */

/* Begin PBXFrameworksBuildPhase section */
		A0274FA02E96B71800A992F0 /* Frameworks */ = {
			isa = PBXFrameworksBuildPhase;
			buildActionMask = 2147483647;
			files = (
				A0274FBC2E984B3000A992F0 /* Package-Notificacacao-IOS in Frameworks */,
			);
			runOnlyForDeploymentPostprocessing = 0;
		};
		A02F06002EA6BCC200AAC927 /* Frameworks */ = {
			isa = PBXFrameworksBuildPhase;
			buildActionMask = 2147483647;
			files = (
				A02F06082EA6BCC300AAC927 /* SwiftUI.framework in Frameworks */,
				A02F06062EA6BCC300AAC927 /* WidgetKit.framework in Frameworks */,
			);
			runOnlyForDeploymentPostprocessing = 0;
		};
/* End PBXFrameworksBuildPhase section */

/* Begin PBXGroup section */
		A0274F9A2E96B71800A992F0 = {
			isa = PBXGroup;
			children = (
				A0274FA52E96B71800A992F0 /* AntiSono */,
				A02F06092EA6BCC300AAC927 /* WidgetAntiSono */,
				A02F06042EA6BCC200AAC927 /* Frameworks */,
				A0274FA42E96B71800A992F0 /* Products */,
			);
			sourceTree = "<group>";
		};
		A0274FA42E96B71800A992F0 /* Products */ = {
			isa = PBXGroup;
			children = (
				A0274FA32E96B71800A992F0 /* AntiSono.app */,
				A02F06032EA6BCC200AAC927 /* WidgetAntiSonoExtension.appex */,
			);
			name = Products;
			sourceTree = "<group>";
		};
		A02F06042EA6BCC200AAC927 /* Frameworks */ = {
			isa = PBXGroup;
			children = (
				A02F06052EA6BCC200AAC927 /* WidgetKit.framework */,
				A02F06072EA6BCC300AAC927 /* SwiftUI.framework */,
			);
			name = Frameworks;
			sourceTree = "<group>";
		};
/* End PBXGroup section */

/* Begin PBXNativeTarget section */
		A0274FA22E96B71800A992F0 /* AntiSono */ = {
			isa = PBXNativeTarget;
			buildConfigurationList = A0274FAE2E96B71800A992F0 /* Build configuration list for PBXNativeTarget "AntiSono" */;
			buildPhases = (
				A0274F9F2E96B71800A992F0 /* Sources */,
				A0274FA02E96B71800A992F0 /* Frameworks */,
				A0274FA12E96B71800A992F0 /* Resources */,
				A02F061E2EA6BCC400AAC927 /* Embed Foundation Extensions */,
			);
			buildRules = (
			);
			dependencies = (
				A02F06182EA6BCC400AAC927 /* PBXTargetDependency */,
			);
			fileSystemSynchronizedGroups = (
				A0274FA52E96B71800A992F0 /* AntiSono */,
			);
			name = AntiSono;
			packageProductDependencies = (
				A0274FBB2E984B3000A992F0 /* Package-Notificacacao-IOS */,
			);
			productName = AntiSono;
			productReference = A0274FA32E96B71800A992F0 /* AntiSono.app */;
			productType = "com.apple.product-type.application";
		};
		A02F06022EA6BCC200AAC927 /* WidgetAntiSonoExtension */ = {
			isa = PBXNativeTarget;
			buildConfigurationList = A02F061B2EA6BCC400AAC927 /* Build configuration list for PBXNativeTarget "WidgetAntiSonoExtension" */;
			buildPhases = (
				A02F05FF2EA6BCC200AAC927 /* Sources */,
				A02F06002EA6BCC200AAC927 /* Frameworks */,
				A02F06012EA6BCC200AAC927 /* Resources */,
			);
			buildRules = (
			);
			dependencies = (
			);
			fileSystemSynchronizedGroups = (
				A02F06092EA6BCC300AAC927 /* WidgetAntiSono */,
			);
			name = WidgetAntiSonoExtension;
			packageProductDependencies = (
			);
			productName = WidgetAntiSonoExtension;
			productReference = A02F06032EA6BCC200AAC927 /* WidgetAntiSonoExtension.appex */;
			productType = "com.apple.product-type.app-extension";
		};
/* End PBXNativeTarget section */

/* Begin PBXProject section */
		A0274F9B2E96B71800A992F0 /* Project object */ = {
			isa = PBXProject;
			attributes = {
				BuildIndependentTargetsInParallel = 1;
				LastSwiftUpdateCheck = 2600;
				LastUpgradeCheck = 2600;
				TargetAttributes = {
					A0274FA22E96B71800A992F0 = {
						CreatedOnToolsVersion = 26.0.1;
					};
					A02F06022EA6BCC200AAC927 = {
						CreatedOnToolsVersion = 26.0.1;
					};
				};
			};
			buildConfigurationList = A0274F9E2E96B71800A992F0 /* Build configuration list for PBXProject "AntiSono" */;
			developmentRegion = en;
			hasScannedForEncodings = 0;
			knownRegions = (
				en,
				Base,
			);
			mainGroup = A0274F9A2E96B71800A992F0;
			minimizedProjectReferenceProxies = 1;
			packageReferences = (
				A0274FBA2E984B3000A992F0 /* XCRemoteSwiftPackageReference "Package-Notificacacao-IOS" */,
			);
			preferredProjectObjectVersion = 77;
			productRefGroup = A0274FA42E96B71800A992F0 /* Products */;
			projectDirPath = "";
			projectRoot = "";
			targets = (
				A0274FA22E96B71800A992F0 /* AntiSono */,
				A02F06022EA6BCC200AAC927 /* WidgetAntiSonoExtension */,
			);
		};
/* End PBXProject section */

/* Begin PBXResourcesBuildPhase section */
		A0274FA12E96B71800A992F0 /* Resources */ = {
			isa = PBXResourcesBuildPhase;
			buildActionMask = 2147483647;
			files = (
			);
			runOnlyForDeploymentPostprocessing = 0;
		};
		A02F06012EA6BCC200AAC927 /* Resources */ = {
			isa = PBXResourcesBuildPhase;
			buildActionMask = 2147483647;
			files = (
			);
			runOnlyForDeploymentPostprocessing = 0;
		};
/* End PBXResourcesBuildPhase section */

/* Begin PBXSourcesBuildPhase section */
		A0274F9F2E96B71800A992F0 /* Sources */ = {
			isa = PBXSourcesBuildPhase;
			buildActionMask = 2147483647;
			files = (
			);
			runOnlyForDeploymentPostprocessing = 0;
		};
		A02F05FF2EA6BCC200AAC927 /* Sources */ = {
			isa = PBXSourcesBuildPhase;
			buildActionMask = 2147483647;
			files = (
			);
			runOnlyForDeploymentPostprocessing = 0;
		};
/* End PBXSourcesBuildPhase section */

/* Begin PBXTargetDependency section */
		A02F06182EA6BCC400AAC927 /* PBXTargetDependency */ = {
			isa = PBXTargetDependency;
			target = A02F06022EA6BCC200AAC927 /* WidgetAntiSonoExtension */;
			targetProxy = A02F06172EA6BCC400AAC927 /* PBXContainerItemProxy */;
		};
/* End PBXTargetDependency section */

/* Begin XCBuildConfiguration section */
		A0274FAC2E96B71800A992F0 /* Debug */ = {
			isa = XCBuildConfiguration;
			buildSettings = {
				ALWAYS_SEARCH_USER_PATHS = NO;
				ASSETCATALOG_COMPILER_GENERATE_SWIFT_ASSET_SYMBOL_EXTENSIONS = YES;
				CLANG_ANALYZER_NONNULL = YES;
				CLANG_ANALYZER_NUMBER_OBJECT_CONVERSION = YES_AGGRESSIVE;
				CLANG_CXX_LANGUAGE_STANDARD = "gnu++20";
				CLANG_ENABLE_MODULES = YES;
				CLANG_ENABLE_OBJC_ARC = YES;
				CLANG_ENABLE_OBJC_WEAK = YES;
				CLANG_WARN_BLOCK_CAPTURE_AUTORELEASING = YES;
				CLANG_WARN_BOOL_CONVERSION = YES;
				CLANG_WARN_COMMA = YES;
				CLANG_WARN_CONSTANT_CONVERSION = YES;
				CLANG_WARN_DEPRECATED_OBJC_IMPLEMENTATIONS = YES;
				CLANG_WARN_DIRECT_OBJC_ISA_USAGE = YES_ERROR;
				CLANG_WARN_DOCUMENTATION_COMMENTS = YES;
				CLANG_WARN_EMPTY_BODY = YES;
				CLANG_WARN_ENUM_CONVERSION = YES;
				CLANG_WARN_INFINITE_RECURSION = YES;
				CLANG_WARN_INT_CONVERSION = YES;
				CLANG_WARN_NON_LITERAL_NULL_CONVERSION = YES;
				CLANG_WARN_OBJC_IMPLICIT_RETAIN_SELF = YES;
				CLANG_WARN_OBJC_LITERAL_CONVERSION = YES;
				CLANG_WARN_OBJC_ROOT_CLASS = YES_ERROR;
				CLANG_WARN_QUOTED_INCLUDE_IN_FRAMEWORK_HEADER = YES;
				CLANG_WARN_RANGE_LOOP_ANALYSIS = YES;
				CLANG_WARN_STRICT_PROTOTYPES = YES;
				CLANG_WARN_SUSPICIOUS_MOVE = YES;
				CLANG_WARN_UNGUARDED_AVAILABILITY = YES_AGGRESSIVE;
				CLANG_WARN_UNREACHABLE_CODE = YES;
				CLANG_WARN__DUPLICATE_METHOD_MATCH = YES;
				COPY_PHASE_STRIP = NO;
				DEBUG_INFORMATION_FORMAT = dwarf;
				DEVELOPMENT_TEAM = 379RD95483;
				ENABLE_STRICT_OBJC_MSGSEND = YES;
				ENABLE_TESTABILITY = YES;
				ENABLE_USER_SCRIPT_SANDBOXING = YES;
				GCC_C_LANGUAGE_STANDARD = gnu17;
				GCC_DYNAMIC_NO_PIC = NO;
				GCC_NO_COMMON_BLOCKS = YES;
				GCC_OPTIMIZATION_LEVEL = 0;
				GCC_PREPROCESSOR_DEFINITIONS = (
					"DEBUG=1",
					"$(inherited)",
				);
				GCC_WARN_64_TO_32_BIT_CONVERSION = YES;
				GCC_WARN_ABOUT_RETURN_TYPE = YES_ERROR;
				GCC_WARN_UNDECLARED_SELECTOR = YES;
				GCC_WARN_UNINITIALIZED_AUTOS = YES_AGGRESSIVE;
				GCC_WARN_UNUSED_FUNCTION = YES;
				GCC_WARN_UNUSED_VARIABLE = YES;
				IPHONEOS_DEPLOYMENT_TARGET = 26.0;
				LOCALIZATION_PREFERS_STRING_CATALOGS = YES;
				MTL_ENABLE_DEBUG_INFO = INCLUDE_SOURCE;
				MTL_FAST_MATH = YES;
				ONLY_ACTIVE_ARCH = YES;
				SDKROOT = iphoneos;
				SWIFT_ACTIVE_COMPILATION_CONDITIONS = "DEBUG $(inherited)";
				SWIFT_OPTIMIZATION_LEVEL = "-Onone";
			};
			name = Debug;
		};
		A0274FAD2E96B71800A992F0 /* Release */ = {
			isa = XCBuildConfiguration;
			buildSettings = {
				ALWAYS_SEARCH_USER_PATHS = NO;
				ASSETCATALOG_COMPILER_GENERATE_SWIFT_ASSET_SYMBOL_EXTENSIONS = YES;
				CLANG_ANALYZER_NONNULL = YES;
				CLANG_ANALYZER_NUMBER_OBJECT_CONVERSION = YES_AGGRESSIVE;
				CLANG_CXX_LANGUAGE_STANDARD = "gnu++20";
				CLANG_ENABLE_MODULES = YES;
				CLANG_ENABLE_OBJC_ARC = YES;
				CLANG_ENABLE_OBJC_WEAK = YES;
				CLANG_WARN_BLOCK_CAPTURE_AUTORELEASING = YES;
				CLANG_WARN_BOOL_CONVERSION = YES;
				CLANG_WARN_COMMA = YES;
				CLANG_WARN_CONSTANT_CONVERSION = YES;
				CLANG_WARN_DEPRECATED_OBJC_IMPLEMENTATIONS = YES;
				CLANG_WARN_DIRECT_OBJC_ISA_USAGE = YES_ERROR;
				CLANG_WARN_DOCUMENTATION_COMMENTS = YES;
				CLANG_WARN_EMPTY_BODY = YES;
				CLANG_WARN_ENUM_CONVERSION = YES;
				CLANG_WARN_INFINITE_RECURSION = YES;
				CLANG_WARN_INT_CONVERSION = YES;
				CLANG_WARN_NON_LITERAL_NULL_CONVERSION = YES;
				CLANG_WARN_OBJC_IMPLICIT_RETAIN_SELF = YES;
				CLANG_WARN_OBJC_LITERAL_CONVERSION = YES;
				CLANG_WARN_OBJC_ROOT_CLASS = YES_ERROR;
				CLANG_WARN_QUOTED_INCLUDE_IN_FRAMEWORK_HEADER = YES;
				CLANG_WARN_RANGE_LOOP_ANALYSIS = YES;
				CLANG_WARN_STRICT_PROTOTYPES = YES;
				CLANG_WARN_SUSPICIOUS_MOVE = YES;
				CLANG_WARN_UNGUARDED_AVAILABILITY = YES_AGGRESSIVE;
				CLANG_WARN_UNREACHABLE_CODE = YES;
				CLANG_WARN__DUPLICATE_METHOD_MATCH = YES;
				COPY_PHASE_STRIP = NO;
				DEBUG_INFORMATION_FORMAT = "dwarf-with-dsym";
				DEVELOPMENT_TEAM = 379RD95483;
				ENABLE_NS_ASSERTIONS = NO;
				ENABLE_STRICT_OBJC_MSGSEND = YES;
				ENABLE_USER_SCRIPT_SANDBOXING = YES;
				GCC_C_LANGUAGE_STANDARD = gnu17;
				GCC_NO_COMMON_BLOCKS = YES;
				GCC_WARN_64_TO_32_BIT_CONVERSION = YES;
				GCC_WARN_ABOUT_RETURN_TYPE = YES_ERROR;
				GCC_WARN_UNDECLARED_SELECTOR = YES;
				GCC_WARN_UNINITIALIZED_AUTOS = YES_AGGRESSIVE;
				GCC_WARN_UNUSED_FUNCTION = YES;
				GCC_WARN_UNUSED_VARIABLE = YES;
				IPHONEOS_DEPLOYMENT_TARGET = 26.0;
				LOCALIZATION_PREFERS_STRING_CATALOGS = YES;
				MTL_ENABLE_DEBUG_INFO = NO;
				MTL_FAST_MATH = YES;
				SDKROOT = iphoneos;
				SWIFT_COMPILATION_MODE = wholemodule;
				VALIDATE_PRODUCT = YES;
			};
			name = Release;
		};
		A0274FAF2E96B71800A992F0 /* Debug */ = {
			isa = XCBuildConfiguration;
			buildSettings = {
				ASSETCATALOG_COMPILER_APPICON_NAME = AppIcon;
				ASSETCATALOG_COMPILER_GLOBAL_ACCENT_COLOR_NAME = AccentColor;
				CODE_SIGN_ENTITLEMENTS = AntiSono/AntiSono.entitlements;
				CODE_SIGN_STYLE = Automatic;
				CURRENT_PROJECT_VERSION = 1;
				DEVELOPMENT_TEAM = 379RD95483;
				ENABLE_PREVIEWS = YES;
				GENERATE_INFOPLIST_FILE = YES;
				INFOPLIST_KEY_UIApplicationSceneManifest_Generation = YES;
				INFOPLIST_KEY_UIApplicationSupportsIndirectInputEvents = YES;
				INFOPLIST_KEY_UILaunchScreen_Generation = YES;
				INFOPLIST_KEY_UISupportedInterfaceOrientations_iPad = "UIInterfaceOrientationPortrait UIInterfaceOrientationPortraitUpsideDown UIInterfaceOrientationLandscapeLeft UIInterfaceOrientationLandscapeRight";
				INFOPLIST_KEY_UISupportedInterfaceOrientations_iPhone = "UIInterfaceOrientationPortrait UIInterfaceOrientationLandscapeLeft UIInterfaceOrientationLandscapeRight";
				IPHONEOS_DEPLOYMENT_TARGET = 26.0;
				LD_RUNPATH_SEARCH_PATHS = (
					"$(inherited)",
					"@executable_path/Frameworks",
				);
				MARKETING_VERSION = 1.0;
				PRODUCT_BUNDLE_IDENTIFIER = br.com.lucas.AntiSono;
				PRODUCT_NAME = "$(TARGET_NAME)";
				STRING_CATALOG_GENERATE_SYMBOLS = YES;
				SWIFT_APPROACHABLE_CONCURRENCY = YES;
				SWIFT_DEFAULT_ACTOR_ISOLATION = MainActor;
				SWIFT_EMIT_LOC_STRINGS = YES;
				SWIFT_UPCOMING_FEATURE_MEMBER_IMPORT_VISIBILITY = YES;
				SWIFT_VERSION = 5.0;
				TARGETED_DEVICE_FAMILY = "1,2";
			};
			name = Debug;
		};
		A0274FB02E96B71800A992F0 /* Release */ = {
			isa = XCBuildConfiguration;
			buildSettings = {
				ASSETCATALOG_COMPILER_APPICON_NAME = AppIcon;
				ASSETCATALOG_COMPILER_GLOBAL_ACCENT_COLOR_NAME = AccentColor;
				CODE_SIGN_ENTITLEMENTS = AntiSono/AntiSono.entitlements;
				CODE_SIGN_STYLE = Automatic;
				CURRENT_PROJECT_VERSION = 1;
				DEVELOPMENT_TEAM = 379RD95483;
				ENABLE_PREVIEWS = YES;
				GENERATE_INFOPLIST_FILE = YES;
				INFOPLIST_KEY_UIApplicationSceneManifest_Generation = YES;
				INFOPLIST_KEY_UIApplicationSupportsIndirectInputEvents = YES;
				INFOPLIST_KEY_UILaunchScreen_Generation = YES;
				INFOPLIST_KEY_UISupportedInterfaceOrientations_iPad = "UIInterfaceOrientationPortrait UIInterfaceOrientationPortraitUpsideDown UIInterfaceOrientationLandscapeLeft UIInterfaceOrientationLandscapeRight";
				INFOPLIST_KEY_UISupportedInterfaceOrientations_iPhone = "UIInterfaceOrientationPortrait UIInterfaceOrientationLandscapeLeft UIInterfaceOrientationLandscapeRight";
				IPHONEOS_DEPLOYMENT_TARGET = 26.0;
				LD_RUNPATH_SEARCH_PATHS = (
					"$(inherited)",
					"@executable_path/Frameworks",
				);
				MARKETING_VERSION = 1.0;
				PRODUCT_BUNDLE_IDENTIFIER = br.com.lucas.AntiSono;
				PRODUCT_NAME = "$(TARGET_NAME)";
				STRING_CATALOG_GENERATE_SYMBOLS = YES;
				SWIFT_APPROACHABLE_CONCURRENCY = YES;
				SWIFT_DEFAULT_ACTOR_ISOLATION = MainActor;
				SWIFT_EMIT_LOC_STRINGS = YES;
				SWIFT_UPCOMING_FEATURE_MEMBER_IMPORT_VISIBILITY = YES;
				SWIFT_VERSION = 5.0;
				TARGETED_DEVICE_FAMILY = "1,2";
			};
			name = Release;
		};
		A02F061C2EA6BCC400AAC927 /* Debug */ = {
			isa = XCBuildConfiguration;
			buildSettings = {
				ASSETCATALOG_COMPILER_GLOBAL_ACCENT_COLOR_NAME = AccentColor;
				ASSETCATALOG_COMPILER_WIDGET_BACKGROUND_COLOR_NAME = WidgetBackground;
				CODE_SIGN_STYLE = Automatic;
				CURRENT_PROJECT_VERSION = 1;
				DEVELOPMENT_TEAM = 379RD95483;
				GENERATE_INFOPLIST_FILE = YES;
				INFOPLIST_FILE = WidgetAntiSono/Info.plist;
				INFOPLIST_KEY_CFBundleDisplayName = WidgetAntiSono;
				INFOPLIST_KEY_NSHumanReadableCopyright = "";
				LD_RUNPATH_SEARCH_PATHS = (
					"$(inherited)",
					"@executable_path/Frameworks",
					"@executable_path/../../Frameworks",
				);
				MARKETING_VERSION = 1.0;
				PRODUCT_BUNDLE_IDENTIFIER = br.com.lucas.AntiSono.WidgetAntiSono;
				PRODUCT_NAME = "$(TARGET_NAME)";
				SKIP_INSTALL = YES;
				STRING_CATALOG_GENERATE_SYMBOLS = YES;
				SWIFT_APPROACHABLE_CONCURRENCY = YES;
				SWIFT_EMIT_LOC_STRINGS = YES;
				SWIFT_UPCOMING_FEATURE_MEMBER_IMPORT_VISIBILITY = YES;
				SWIFT_VERSION = 5.0;
				TARGETED_DEVICE_FAMILY = "1,2";
			};
			name = Debug;
		};
		A02F061D2EA6BCC400AAC927 /* Release */ = {
			isa = XCBuildConfiguration;
			buildSettings = {
				ASSETCATALOG_COMPILER_GLOBAL_ACCENT_COLOR_NAME = AccentColor;
				ASSETCATALOG_COMPILER_WIDGET_BACKGROUND_COLOR_NAME = WidgetBackground;
				CODE_SIGN_STYLE = Automatic;
				CURRENT_PROJECT_VERSION = 1;
				DEVELOPMENT_TEAM = 379RD95483;
				GENERATE_INFOPLIST_FILE = YES;
				INFOPLIST_FILE = WidgetAntiSono/Info.plist;
				INFOPLIST_KEY_CFBundleDisplayName = WidgetAntiSono;
				INFOPLIST_KEY_NSHumanReadableCopyright = "";
				LD_RUNPATH_SEARCH_PATHS = (
					"$(inherited)",
					"@executable_path/Frameworks",
					"@executable_path/../../Frameworks",
				);
				MARKETING_VERSION = 1.0;
				PRODUCT_BUNDLE_IDENTIFIER = br.com.lucas.AntiSono.WidgetAntiSono;
				PRODUCT_NAME = "$(TARGET_NAME)";
				SKIP_INSTALL = YES;
				STRING_CATALOG_GENERATE_SYMBOLS = YES;
				SWIFT_APPROACHABLE_CONCURRENCY = YES;
				SWIFT_EMIT_LOC_STRINGS = YES;
				SWIFT_UPCOMING_FEATURE_MEMBER_IMPORT_VISIBILITY = YES;
				SWIFT_VERSION = 5.0;
				TARGETED_DEVICE_FAMILY = "1,2";
			};
			name = Release;
		};
/* End XCBuildConfiguration section */

/* Begin XCConfigurationList section */
		A0274F9E2E96B71800A992F0 /* Build configuration list for PBXProject "AntiSono" */ = {
			isa = XCConfigurationList;
			buildConfigurations = (
				A0274FAC2E96B71800A992F0 /* Debug */,
				A0274FAD2E96B71800A992F0 /* Release */,
			);
			defaultConfigurationIsVisible = 0;
			defaultConfigurationName = Release;
		};
		A0274FAE2E96B71800A992F0 /* Build configuration list for PBXNativeTarget "AntiSono" */ = {
			isa = XCConfigurationList;
			buildConfigurations = (
				A0274FAF2E96B71800A992F0 /* Debug */,
				A0274FB02E96B71800A992F0 /* Release */,
			);
			defaultConfigurationIsVisible = 0;
			defaultConfigurationName = Release;
		};
		A02F061B2EA6BCC400AAC927 /* Build configuration list for PBXNativeTarget "WidgetAntiSonoExtension" */ = {
			isa = XCConfigurationList;
			buildConfigurations = (
				A02F061C2EA6BCC400AAC927 /* Debug */,
				A02F061D2EA6BCC400AAC927 /* Release */,
			);
			defaultConfigurationIsVisible = 0;
			defaultConfigurationName = Release;
		};
/* End XCConfigurationList section */

/* Begin XCRemoteSwiftPackageReference section */
		A0274FBA2E984B3000A992F0 /* XCRemoteSwiftPackageReference "Package-Notificacacao-IOS" */ = {
			isa = XCRemoteSwiftPackageReference;
			repositoryURL = "https://github.com/lucasvsclls/Package-Notificacacao-IOS";
			requirement = {
				branch = main;
				kind = branch;
			};
		};
/* End XCRemoteSwiftPackageReference section */

/* Begin XCSwiftPackageProductDependency section */
		A0274FBB2E984B3000A992F0 /* Package-Notificacacao-IOS */ = {
			isa = XCSwiftPackageProductDependency;
			package = A0274FBA2E984B3000A992F0 /* XCRemoteSwiftPackageReference "Package-Notificacacao-IOS" */;
			productName = "Package-Notificacacao-IOS";
		};
/* End XCSwiftPackageProductDependency section */
	};
	rootObject = A0274F9B2E96B71800A992F0 /* Project object */;
}
